<?xml version="1.0" encoding="utf-8"?>
<Project ToolsVersion="4.0" xmlns="http://schemas.microsoft.com/developer/msbuild/2003">
  <ItemGroup>
    <Filter Include="Source Files">
      <UniqueIdentifier>{4FC737F1-C7A5-4376-A066-2A32D752A2FF}</UniqueIdentifier>
      <Extensions>cpp;c;cc;cxx;def;odl;idl;hpj;bat;asm;asmx</Extensions>
    </Filter>
    <Filter Include="Header Files">
      <UniqueIdentifier>{93995380-89BD-4b04-88EB-625FBE52EBFB}</UniqueIdentifier>
      <Extensions>h;hpp;hxx;hm;inl;inc;xsd</Extensions>
    </Filter>
    <Filter Include="Resource Files">
      <UniqueIdentifier>{67DA6AB6-F800-4c08-8B7A-83BB121AAD01}</UniqueIdentifier>
      <Extensions>rc;ico;cur;bmp;dlg;rc2;rct;bin;rgs;gif;jpg;jpeg;jpe;resx;tiff;tif;png;wav</Extensions>
    </Filter>
  </ItemGroup>
  <ItemGroup>
    <ClCompile Include="src\base\system.c">
      <Filter>Source Files</Filter>
    </ClCompile>
    <ClCompile Include="src\engine\client\backend_sdl.cpp">
      <Filter>Source Files</Filter>
    </ClCompile>
    <ClCompile Include="src\engine\client\client.cpp">
      <Filter>Source Files</Filter>
    </ClCompile>
    <ClCompile Include="src\engine\client\friends.cpp">
      <Filter>Source Files</Filter>
    </ClCompile>
    <ClCompile Include="src\engine\client\graphics.cpp">
      <Filter>Source Files</Filter>
    </ClCompile>
    <ClCompile Include="src\engine\client\graphics_threaded.cpp">
      <Filter>Source Files</Filter>
    </ClCompile>
    <ClCompile Include="src\engine\client\input.cpp">
      <Filter>Source Files</Filter>
    </ClCompile>
    <ClCompile Include="src\engine\client\serverbrowser.cpp">
      <Filter>Source Files</Filter>
    </ClCompile>
    <ClCompile Include="src\engine\client\sound.cpp">
      <Filter>Source Files</Filter>
    </ClCompile>
    <ClCompile Include="src\engine\client\text.cpp">
      <Filter>Source Files</Filter>
    </ClCompile>
    <ClCompile Include="src\engine\external\pnglite\pnglite.c">
      <Filter>Source Files</Filter>
    </ClCompile>
    <ClCompile Include="src\engine\external\wavpack\bits.c">
      <Filter>Source Files</Filter>
    </ClCompile>
    <ClCompile Include="src\engine\external\wavpack\float.c">
      <Filter>Source Files</Filter>
    </ClCompile>
    <ClCompile Include="src\engine\external\wavpack\metadata.c">
      <Filter>Source Files</Filter>
    </ClCompile>
    <ClCompile Include="src\engine\external\wavpack\unpack.c">
      <Filter>Source Files</Filter>
    </ClCompile>
    <ClCompile Include="src\engine\external\wavpack\words.c">
      <Filter>Source Files</Filter>
    </ClCompile>
    <ClCompile Include="src\engine\external\wavpack\wputils.c">
      <Filter>Source Files</Filter>
    </ClCompile>
    <ClCompile Include="src\engine\external\zlib\adler32.c">
      <Filter>Source Files</Filter>
    </ClCompile>
    <ClCompile Include="src\engine\external\zlib\compress.c">
      <Filter>Source Files</Filter>
    </ClCompile>
    <ClCompile Include="src\engine\external\zlib\crc32.c">
      <Filter>Source Files</Filter>
    </ClCompile>
    <ClCompile Include="src\engine\external\zlib\deflate.c">
      <Filter>Source Files</Filter>
    </ClCompile>
    <ClCompile Include="src\engine\external\zlib\infback.c">
      <Filter>Source Files</Filter>
    </ClCompile>
    <ClCompile Include="src\engine\external\zlib\inffast.c">
      <Filter>Source Files</Filter>
    </ClCompile>
    <ClCompile Include="src\engine\external\zlib\inflate.c">
      <Filter>Source Files</Filter>
    </ClCompile>
    <ClCompile Include="src\engine\external\zlib\inftrees.c">
      <Filter>Source Files</Filter>
    </ClCompile>
    <ClCompile Include="src\engine\external\zlib\trees.c">
      <Filter>Source Files</Filter>
    </ClCompile>
    <ClCompile Include="src\engine\external\zlib\uncompr.c">
      <Filter>Source Files</Filter>
    </ClCompile>
    <ClCompile Include="src\engine\external\zlib\zutil.c">
      <Filter>Source Files</Filter>
    </ClCompile>
    <ClCompile Include="src\engine\server\register.cpp">
      <Filter>Source Files</Filter>
    </ClCompile>
    <ClCompile Include="src\engine\server\server.cpp">
      <Filter>Source Files</Filter>
    </ClCompile>
    <ClCompile Include="src\engine\shared\compression.cpp">
      <Filter>Source Files</Filter>
    </ClCompile>
    <ClCompile Include="src\engine\shared\config.cpp">
      <Filter>Source Files</Filter>
    </ClCompile>
    <ClCompile Include="src\engine\shared\console.cpp">
      <Filter>Source Files</Filter>
    </ClCompile>
    <ClCompile Include="src\engine\shared\datafile.cpp">
      <Filter>Source Files</Filter>
    </ClCompile>
    <ClCompile Include="src\engine\shared\demo.cpp">
      <Filter>Source Files</Filter>
    </ClCompile>
    <ClCompile Include="src\engine\shared\econ.cpp">
      <Filter>Source Files</Filter>
    </ClCompile>
    <ClCompile Include="src\engine\shared\engine.cpp">
      <Filter>Source Files</Filter>
    </ClCompile>
    <ClCompile Include="src\engine\shared\filecollection.cpp">
      <Filter>Source Files</Filter>
    </ClCompile>
    <ClCompile Include="src\engine\shared\huffman.cpp">
      <Filter>Source Files</Filter>
    </ClCompile>
    <ClCompile Include="src\engine\shared\jobs.cpp">
      <Filter>Source Files</Filter>
    </ClCompile>
    <ClCompile Include="src\engine\shared\kernel.cpp">
      <Filter>Source Files</Filter>
    </ClCompile>
    <ClCompile Include="src\engine\shared\linereader.cpp">
      <Filter>Source Files</Filter>
    </ClCompile>
    <ClCompile Include="src\engine\shared\map.cpp">
      <Filter>Source Files</Filter>
    </ClCompile>
    <ClCompile Include="src\engine\shared\mapchecker.cpp">
      <Filter>Source Files</Filter>
    </ClCompile>
    <ClCompile Include="src\engine\shared\masterserver.cpp">
      <Filter>Source Files</Filter>
    </ClCompile>
    <ClCompile Include="src\engine\shared\memheap.cpp">
      <Filter>Source Files</Filter>
    </ClCompile>
    <ClCompile Include="src\engine\shared\netban.cpp">
      <Filter>Source Files</Filter>
    </ClCompile>
    <ClCompile Include="src\engine\shared\network.cpp">
      <Filter>Source Files</Filter>
    </ClCompile>
    <ClCompile Include="src\engine\shared\network_client.cpp">
      <Filter>Source Files</Filter>
    </ClCompile>
    <ClCompile Include="src\engine\shared\network_conn.cpp">
      <Filter>Source Files</Filter>
    </ClCompile>
    <ClCompile Include="src\engine\shared\network_console.cpp">
      <Filter>Source Files</Filter>
    </ClCompile>
    <ClCompile Include="src\engine\shared\network_console_conn.cpp">
      <Filter>Source Files</Filter>
    </ClCompile>
    <ClCompile Include="src\engine\shared\network_server.cpp">
      <Filter>Source Files</Filter>
    </ClCompile>
    <ClCompile Include="src\engine\shared\packer.cpp">
      <Filter>Source Files</Filter>
    </ClCompile>
    <ClCompile Include="src\engine\shared\ringbuffer.cpp">
      <Filter>Source Files</Filter>
    </ClCompile>
    <ClCompile Include="src\engine\shared\snapshot.cpp">
      <Filter>Source Files</Filter>
    </ClCompile>
    <ClCompile Include="src\engine\shared\storage.cpp">
      <Filter>Source Files</Filter>
    </ClCompile>
    <ClCompile Include="src\game\collision.cpp">
      <Filter>Source Files</Filter>
    </ClCompile>
    <ClCompile Include="src\game\gamecore.cpp">
      <Filter>Source Files</Filter>
    </ClCompile>
    <ClCompile Include="src\game\layers.cpp">
      <Filter>Source Files</Filter>
    </ClCompile>
    <ClCompile Include="src\game\localization.cpp">
      <Filter>Source Files</Filter>
    </ClCompile>
    <ClCompile Include="src\game\client\animstate.cpp">
      <Filter>Source Files</Filter>
    </ClCompile>
    <ClCompile Include="src\game\client\gameclient.cpp">
      <Filter>Source Files</Filter>
    </ClCompile>
    <ClCompile Include="src\game\client\lineinput.cpp">
      <Filter>Source Files</Filter>
    </ClCompile>
    <ClCompile Include="src\game\client\render.cpp">
      <Filter>Source Files</Filter>
    </ClCompile>
    <ClCompile Include="src\game\client\render_map.cpp">
      <Filter>Source Files</Filter>
    </ClCompile>
    <ClCompile Include="src\game\client\ui.cpp">
      <Filter>Source Files</Filter>
    </ClCompile>
    <ClCompile Include="src\game\client\components\binds.cpp">
      <Filter>Source Files</Filter>
    </ClCompile>
    <ClCompile Include="src\game\client\components\broadcast.cpp">
      <Filter>Source Files</Filter>
    </ClCompile>
    <ClCompile Include="src\game\client\components\camera.cpp">
      <Filter>Source Files</Filter>
    </ClCompile>
    <ClCompile Include="src\game\client\components\chat.cpp">
      <Filter>Source Files</Filter>
    </ClCompile>
    <ClCompile Include="src\game\client\components\console.cpp">
      <Filter>Source Files</Filter>
    </ClCompile>
    <ClCompile Include="src\game\client\components\controls.cpp">
      <Filter>Source Files</Filter>
    </ClCompile>
    <ClCompile Include="src\game\client\components\countryflags.cpp">
      <Filter>Source Files</Filter>
    </ClCompile>
    <ClCompile Include="src\game\client\components\damageind.cpp">
      <Filter>Source Files</Filter>
    </ClCompile>
    <ClCompile Include="src\game\client\components\debughud.cpp">
      <Filter>Source Files</Filter>
    </ClCompile>
    <ClCompile Include="src\game\client\components\effects.cpp">
      <Filter>Source Files</Filter>
    </ClCompile>
    <ClCompile Include="src\game\client\components\emoticon.cpp">
      <Filter>Source Files</Filter>
    </ClCompile>
    <ClCompile Include="src\game\client\components\flow.cpp">
      <Filter>Source Files</Filter>
    </ClCompile>
    <ClCompile Include="src\game\client\components\hud.cpp">
      <Filter>Source Files</Filter>
    </ClCompile>
    <ClCompile Include="src\game\client\components\items.cpp">
      <Filter>Source Files</Filter>
    </ClCompile>
    <ClCompile Include="src\game\client\components\killmessages.cpp">
      <Filter>Source Files</Filter>
    </ClCompile>
    <ClCompile Include="src\game\client\components\mapimages.cpp">
      <Filter>Source Files</Filter>
    </ClCompile>
    <ClCompile Include="src\game\client\components\maplayers.cpp">
      <Filter>Source Files</Filter>
    </ClCompile>
    <ClCompile Include="src\game\client\components\menus.cpp">
      <Filter>Source Files</Filter>
    </ClCompile>
    <ClCompile Include="src\game\client\components\menus_browser.cpp">
      <Filter>Source Files</Filter>
    </ClCompile>
    <ClCompile Include="src\game\client\components\menus_demo.cpp">
      <Filter>Source Files</Filter>
    </ClCompile>
    <ClCompile Include="src\game\client\components\menus_ingame.cpp">
      <Filter>Source Files</Filter>
    </ClCompile>
    <ClCompile Include="src\game\client\components\menus_settings.cpp">
      <Filter>Source Files</Filter>
    </ClCompile>
    <ClCompile Include="src\game\client\components\motd.cpp">
      <Filter>Source Files</Filter>
    </ClCompile>
    <ClCompile Include="src\game\client\components\nameplates.cpp">
      <Filter>Source Files</Filter>
    </ClCompile>
    <ClCompile Include="src\game\client\components\particles.cpp">
      <Filter>Source Files</Filter>
    </ClCompile>
    <ClCompile Include="src\game\client\components\players.cpp">
      <Filter>Source Files</Filter>
    </ClCompile>
    <ClCompile Include="src\game\client\components\scoreboard.cpp">
      <Filter>Source Files</Filter>
    </ClCompile>
    <ClCompile Include="src\game\client\components\skins.cpp">
      <Filter>Source Files</Filter>
    </ClCompile>
    <ClCompile Include="src\game\client\components\sounds.cpp">
      <Filter>Source Files</Filter>
    </ClCompile>
    <ClCompile Include="src\game\client\components\spectator.cpp">
      <Filter>Source Files</Filter>
    </ClCompile>
    <ClCompile Include="src\game\client\components\voting.cpp">
      <Filter>Source Files</Filter>
    </ClCompile>
    <ClCompile Include="src\game\editor\auto_map.cpp">
      <Filter>Source Files</Filter>
    </ClCompile>
    <ClCompile Include="src\game\editor\editor.cpp">
      <Filter>Source Files</Filter>
    </ClCompile>
    <ClCompile Include="src\game\editor\io.cpp">
      <Filter>Source Files</Filter>
    </ClCompile>
    <ClCompile Include="src\game\editor\layer_game.cpp">
      <Filter>Source Files</Filter>
    </ClCompile>
    <ClCompile Include="src\game\editor\layer_quads.cpp">
      <Filter>Source Files</Filter>
    </ClCompile>
    <ClCompile Include="src\game\editor\layer_tiles.cpp">
      <Filter>Source Files</Filter>
    </ClCompile>
    <ClCompile Include="src\game\editor\popups.cpp">
      <Filter>Source Files</Filter>
    </ClCompile>
    <ClCompile Include="src\game\server\entity.cpp">
      <Filter>Source Files</Filter>
    </ClCompile>
    <ClCompile Include="src\game\server\eventhandler.cpp">
      <Filter>Source Files</Filter>
    </ClCompile>
    <ClCompile Include="src\game\server\gamecontext.cpp">
      <Filter>Source Files</Filter>
    </ClCompile>
    <ClCompile Include="src\game\server\gamecontroller.cpp">
      <Filter>Source Files</Filter>
    </ClCompile>
    <ClCompile Include="src\game\server\gameworld.cpp">
      <Filter>Source Files</Filter>
    </ClCompile>
    <ClCompile Include="src\game\server\player.cpp">
      <Filter>Source Files</Filter>
    </ClCompile>
    <ClCompile Include="src\game\server\entities\character.cpp">
      <Filter>Source Files</Filter>
    </ClCompile>
    <ClCompile Include="src\game\server\entities\flag.cpp">
      <Filter>Source Files</Filter>
    </ClCompile>
    <ClCompile Include="src\game\server\entities\laser.cpp">
      <Filter>Source Files</Filter>
    </ClCompile>
    <ClCompile Include="src\game\server\entities\pickup.cpp">
      <Filter>Source Files</Filter>
    </ClCompile>
    <ClCompile Include="src\game\server\entities\projectile.cpp">
      <Filter>Source Files</Filter>
    </ClCompile>
    <ClCompile Include="src\game\server\gamemodes\ctf.cpp">
      <Filter>Source Files</Filter>
    </ClCompile>
    <ClCompile Include="src\game\server\gamemodes\dm.cpp">
      <Filter>Source Files</Filter>
    </ClCompile>
    <ClCompile Include="src\game\server\gamemodes\mod.cpp">
      <Filter>Source Files</Filter>
    </ClCompile>
    <ClCompile Include="src\game\server\gamemodes\tdm.cpp">
      <Filter>Source Files</Filter>
    </ClCompile>
    <ClCompile Include="src\game\server\gamemodes\zcatch.cpp">
      <Filter>Source Files</Filter>
    </ClCompile>
    <ClCompile Include="src\game\server\gamemodes\iLMS.cpp">
      <Filter>Source Files</Filter>
    </ClCompile>
  </ItemGroup>
  <ItemGroup>
    <ClInclude Include="src\base\detect.h">
      <Filter>Header Files</Filter>
    </ClInclude>
    <ClInclude Include="src\base\math.h">
      <Filter>Header Files</Filter>
    </ClInclude>
    <ClInclude Include="src\base\system.h">
      <Filter>Header Files</Filter>
    </ClInclude>
    <ClInclude Include="src\base\vmath.h">
      <Filter>Header Files</Filter>
    </ClInclude>
    <ClInclude Include="src\base\tl\algorithm.h">
      <Filter>Header Files</Filter>
    </ClInclude>
    <ClInclude Include="src\base\tl\allocator.h">
      <Filter>Header Files</Filter>
    </ClInclude>
    <ClInclude Include="src\base\tl\array.h">
      <Filter>Header Files</Filter>
    </ClInclude>
    <ClInclude Include="src\base\tl\base.h">
      <Filter>Header Files</Filter>
    </ClInclude>
    <ClInclude Include="src\base\tl\range.h">
      <Filter>Header Files</Filter>
    </ClInclude>
    <ClInclude Include="src\base\tl\sorted_array.h">
      <Filter>Header Files</Filter>
    </ClInclude>
    <ClInclude Include="src\base\tl\string.h">
      <Filter>Header Files</Filter>
    </ClInclude>
    <ClInclude Include="src\base\tl\threading.h">
      <Filter>Header Files</Filter>
    </ClInclude>
    <ClInclude Include="src\engine\client.h">
      <Filter>Header Files</Filter>
    </ClInclude>
    <ClInclude Include="src\engine\config.h">
      <Filter>Header Files</Filter>
    </ClInclude>
    <ClInclude Include="src\engine\console.h">
      <Filter>Header Files</Filter>
    </ClInclude>
    <ClInclude Include="src\engine\demo.h">
      <Filter>Header Files</Filter>
    </ClInclude>
    <ClInclude Include="src\engine\editor.h">
      <Filter>Header Files</Filter>
    </ClInclude>
    <ClInclude Include="src\engine\engine.h">
      <Filter>Header Files</Filter>
    </ClInclude>
    <ClInclude Include="src\engine\friends.h">
      <Filter>Header Files</Filter>
    </ClInclude>
    <ClInclude Include="src\engine\graphics.h">
      <Filter>Header Files</Filter>
    </ClInclude>
    <ClInclude Include="src\engine\input.h">
      <Filter>Header Files</Filter>
    </ClInclude>
    <ClInclude Include="src\engine\kernel.h">
      <Filter>Header Files</Filter>
    </ClInclude>
    <ClInclude Include="src\engine\keys.h">
      <Filter>Header Files</Filter>
    </ClInclude>
    <ClInclude Include="src\engine\map.h">
      <Filter>Header Files</Filter>
    </ClInclude>
    <ClInclude Include="src\engine\masterserver.h">
      <Filter>Header Files</Filter>
    </ClInclude>
    <ClInclude Include="src\engine\message.h">
      <Filter>Header Files</Filter>
    </ClInclude>
    <ClInclude Include="src\engine\server.h">
      <Filter>Header Files</Filter>
    </ClInclude>
    <ClInclude Include="src\engine\serverbrowser.h">
      <Filter>Header Files</Filter>
    </ClInclude>
    <ClInclude Include="src\engine\sound.h">
      <Filter>Header Files</Filter>
    </ClInclude>
    <ClInclude Include="src\engine\storage.h">
      <Filter>Header Files</Filter>
    </ClInclude>
    <ClInclude Include="src\engine\textrender.h">
      <Filter>Header Files</Filter>
    </ClInclude>
    <ClInclude Include="src\engine\client\backend_sdl.h">
      <Filter>Header Files</Filter>
    </ClInclude>
    <ClInclude Include="src\engine\client\client.h">
      <Filter>Header Files</Filter>
    </ClInclude>
    <ClInclude Include="src\engine\client\friends.h">
      <Filter>Header Files</Filter>
    </ClInclude>
    <ClInclude Include="src\engine\client\graphics.h">
      <Filter>Header Files</Filter>
    </ClInclude>
    <ClInclude Include="src\engine\client\graphics_threaded.h">
      <Filter>Header Files</Filter>
    </ClInclude>
    <ClInclude Include="src\engine\client\input.h">
      <Filter>Header Files</Filter>
    </ClInclude>
    <ClInclude Include="src\engine\client\keynames.h">
      <Filter>Header Files</Filter>
    </ClInclude>
    <ClInclude Include="src\engine\client\serverbrowser.h">
      <Filter>Header Files</Filter>
    </ClInclude>
    <ClInclude Include="src\engine\client\sound.h">
      <Filter>Header Files</Filter>
    </ClInclude>
    <ClInclude Include="src\engine\external\pnglite\pnglite.h">
      <Filter>Header Files</Filter>
    </ClInclude>
    <ClInclude Include="src\engine\external\wavpack\wavpack.h">
      <Filter>Header Files</Filter>
    </ClInclude>
    <ClInclude Include="src\engine\external\zlib\crc32.h">
      <Filter>Header Files</Filter>
    </ClInclude>
    <ClInclude Include="src\engine\external\zlib\deflate.h">
      <Filter>Header Files</Filter>
    </ClInclude>
    <ClInclude Include="src\engine\external\zlib\inffast.h">
      <Filter>Header Files</Filter>
    </ClInclude>
    <ClInclude Include="src\engine\external\zlib\inffixed.h">
      <Filter>Header Files</Filter>
    </ClInclude>
    <ClInclude Include="src\engine\external\zlib\inflate.h">
      <Filter>Header Files</Filter>
    </ClInclude>
    <ClInclude Include="src\engine\external\zlib\inftrees.h">
      <Filter>Header Files</Filter>
    </ClInclude>
    <ClInclude Include="src\engine\external\zlib\trees.h">
      <Filter>Header Files</Filter>
    </ClInclude>
    <ClInclude Include="src\engine\external\zlib\zconf.h">
      <Filter>Header Files</Filter>
    </ClInclude>
    <ClInclude Include="src\engine\external\zlib\zlib.h">
      <Filter>Header Files</Filter>
    </ClInclude>
    <ClInclude Include="src\engine\external\zlib\zutil.h">
      <Filter>Header Files</Filter>
    </ClInclude>
    <ClInclude Include="src\engine\server\register.h">
      <Filter>Header Files</Filter>
    </ClInclude>
    <ClInclude Include="src\engine\server\server.h">
      <Filter>Header Files</Filter>
    </ClInclude>
    <ClInclude Include="src\engine\shared\compression.h">
      <Filter>Header Files</Filter>
    </ClInclude>
    <ClInclude Include="src\engine\shared\config.h">
      <Filter>Header Files</Filter>
    </ClInclude>
    <ClInclude Include="src\engine\shared\config_variables.h">
      <Filter>Header Files</Filter>
    </ClInclude>
    <ClInclude Include="src\engine\shared\console.h">
      <Filter>Header Files</Filter>
    </ClInclude>
    <ClInclude Include="src\engine\shared\datafile.h">
      <Filter>Header Files</Filter>
    </ClInclude>
    <ClInclude Include="src\engine\shared\demo.h">
      <Filter>Header Files</Filter>
    </ClInclude>
    <ClInclude Include="src\engine\shared\econ.h">
      <Filter>Header Files</Filter>
    </ClInclude>
    <ClInclude Include="src\engine\shared\filecollection.h">
      <Filter>Header Files</Filter>
    </ClInclude>
    <ClInclude Include="src\engine\shared\huffman.h">
      <Filter>Header Files</Filter>
    </ClInclude>
    <ClInclude Include="src\engine\shared\jobs.h">
      <Filter>Header Files</Filter>
    </ClInclude>
    <ClInclude Include="src\engine\shared\linereader.h">
      <Filter>Header Files</Filter>
    </ClInclude>
    <ClInclude Include="src\engine\shared\mapchecker.h">
      <Filter>Header Files</Filter>
    </ClInclude>
    <ClInclude Include="src\engine\shared\memheap.h">
      <Filter>Header Files</Filter>
    </ClInclude>
    <ClInclude Include="src\engine\shared\message.h">
      <Filter>Header Files</Filter>
    </ClInclude>
    <ClInclude Include="src\engine\shared\netban.h">
      <Filter>Header Files</Filter>
    </ClInclude>
    <ClInclude Include="src\engine\shared\network.h">
      <Filter>Header Files</Filter>
    </ClInclude>
    <ClInclude Include="src\engine\shared\packer.h">
      <Filter>Header Files</Filter>
    </ClInclude>
    <ClInclude Include="src\engine\shared\protocol.h">
      <Filter>Header Files</Filter>
    </ClInclude>
    <ClInclude Include="src\engine\shared\ringbuffer.h">
      <Filter>Header Files</Filter>
    </ClInclude>
    <ClInclude Include="src\engine\shared\snapshot.h">
      <Filter>Header Files</Filter>
    </ClInclude>
    <ClInclude Include="src\game\collision.h">
      <Filter>Header Files</Filter>
    </ClInclude>
    <ClInclude Include="src\game\gamecore.h">
      <Filter>Header Files</Filter>
    </ClInclude>
    <ClInclude Include="src\game\layers.h">
      <Filter>Header Files</Filter>
    </ClInclude>
    <ClInclude Include="src\game\localization.h">
      <Filter>Header Files</Filter>
    </ClInclude>
    <ClInclude Include="src\game\mapitems.h">
      <Filter>Header Files</Filter>
    </ClInclude>
    <ClInclude Include="src\game\tuning.h">
      <Filter>Header Files</Filter>
    </ClInclude>
    <ClInclude Include="src\game\variables.h">
      <Filter>Header Files</Filter>
    </ClInclude>
    <ClInclude Include="src\game\version.h">
      <Filter>Header Files</Filter>
    </ClInclude>
    <ClInclude Include="src\game\voting.h">
      <Filter>Header Files</Filter>
    </ClInclude>
    <ClInclude Include="src\game\client\animstate.h">
      <Filter>Header Files</Filter>
    </ClInclude>
    <ClInclude Include="src\game\client\component.h">
      <Filter>Header Files</Filter>
    </ClInclude>
    <ClInclude Include="src\game\client\gameclient.h">
      <Filter>Header Files</Filter>
    </ClInclude>
    <ClInclude Include="src\game\client\lineinput.h">
      <Filter>Header Files</Filter>
    </ClInclude>
    <ClInclude Include="src\game\client\render.h">
      <Filter>Header Files</Filter>
    </ClInclude>
    <ClInclude Include="src\game\client\ui.h">
      <Filter>Header Files</Filter>
    </ClInclude>
    <ClInclude Include="src\game\client\components\binds.h">
      <Filter>Header Files</Filter>
    </ClInclude>
    <ClInclude Include="src\game\client\components\broadcast.h">
      <Filter>Header Files</Filter>
    </ClInclude>
    <ClInclude Include="src\game\client\components\camera.h">
      <Filter>Header Files</Filter>
    </ClInclude>
    <ClInclude Include="src\game\client\components\chat.h">
      <Filter>Header Files</Filter>
    </ClInclude>
    <ClInclude Include="src\game\client\components\console.h">
      <Filter>Header Files</Filter>
    </ClInclude>
    <ClInclude Include="src\game\client\components\controls.h">
      <Filter>Header Files</Filter>
    </ClInclude>
    <ClInclude Include="src\game\client\components\countryflags.h">
      <Filter>Header Files</Filter>
    </ClInclude>
    <ClInclude Include="src\game\client\components\damageind.h">
      <Filter>Header Files</Filter>
    </ClInclude>
    <ClInclude Include="src\game\client\components\debughud.h">
      <Filter>Header Files</Filter>
    </ClInclude>
    <ClInclude Include="src\game\client\components\effects.h">
      <Filter>Header Files</Filter>
    </ClInclude>
    <ClInclude Include="src\game\client\components\emoticon.h">
      <Filter>Header Files</Filter>
    </ClInclude>
    <ClInclude Include="src\game\client\components\flow.h">
      <Filter>Header Files</Filter>
    </ClInclude>
    <ClInclude Include="src\game\client\components\hud.h">
      <Filter>Header Files</Filter>
    </ClInclude>
    <ClInclude Include="src\game\client\components\items.h">
      <Filter>Header Files</Filter>
    </ClInclude>
    <ClInclude Include="src\game\client\components\killmessages.h">
      <Filter>Header Files</Filter>
    </ClInclude>
    <ClInclude Include="src\game\client\components\mapimages.h">
      <Filter>Header Files</Filter>
    </ClInclude>
    <ClInclude Include="src\game\client\components\maplayers.h">
      <Filter>Header Files</Filter>
    </ClInclude>
    <ClInclude Include="src\game\client\components\menus.h">
      <Filter>Header Files</Filter>
    </ClInclude>
    <ClInclude Include="src\game\client\components\motd.h">
      <Filter>Header Files</Filter>
    </ClInclude>
    <ClInclude Include="src\game\client\components\nameplates.h">
      <Filter>Header Files</Filter>
    </ClInclude>
    <ClInclude Include="src\game\client\components\particles.h">
      <Filter>Header Files</Filter>
    </ClInclude>
    <ClInclude Include="src\game\client\components\players.h">
      <Filter>Header Files</Filter>
    </ClInclude>
    <ClInclude Include="src\game\client\components\scoreboard.h">
      <Filter>Header Files</Filter>
    </ClInclude>
    <ClInclude Include="src\game\client\components\skins.h">
      <Filter>Header Files</Filter>
    </ClInclude>
    <ClInclude Include="src\game\client\components\sounds.h">
      <Filter>Header Files</Filter>
    </ClInclude>
    <ClInclude Include="src\game\client\components\spectator.h">
      <Filter>Header Files</Filter>
    </ClInclude>
    <ClInclude Include="src\game\client\components\voting.h">
      <Filter>Header Files</Filter>
    </ClInclude>
    <ClInclude Include="src\game\editor\auto_map.h">
      <Filter>Header Files</Filter>
    </ClInclude>
    <ClInclude Include="src\game\editor\editor.h">
      <Filter>Header Files</Filter>
    </ClInclude>
    <ClInclude Include="src\game\server\entity.h">
      <Filter>Header Files</Filter>
    </ClInclude>
    <ClInclude Include="src\game\server\eventhandler.h">
      <Filter>Header Files</Filter>
    </ClInclude>
    <ClInclude Include="src\game\server\gamecontext.h">
      <Filter>Header Files</Filter>
    </ClInclude>
    <ClInclude Include="src\game\server\gamecontroller.h">
      <Filter>Header Files</Filter>
    </ClInclude>
    <ClInclude Include="src\game\server\gameworld.h">
      <Filter>Header Files</Filter>
    </ClInclude>
    <ClInclude Include="src\game\server\player.h">
      <Filter>Header Files</Filter>
    </ClInclude>
    <ClInclude Include="src\game\server\entities\character.h">
      <Filter>Header Files</Filter>
    </ClInclude>
    <ClInclude Include="src\game\server\entities\flag.h">
      <Filter>Header Files</Filter>
    </ClInclude>
    <ClInclude Include="src\game\server\entities\laser.h">
      <Filter>Header Files</Filter>
    </ClInclude>
    <ClInclude Include="src\game\server\entities\pickup.h">
      <Filter>Header Files</Filter>
    </ClInclude>
    <ClInclude Include="src\game\server\entities\projectile.h">
      <Filter>Header Files</Filter>
    </ClInclude>
    <ClInclude Include="src\game\server\gamemodes\ctf.h">
      <Filter>Header Files</Filter>
    </ClInclude>
    <ClInclude Include="src\game\server\gamemodes\dm.h">
      <Filter>Header Files</Filter>
    </ClInclude>
    <ClInclude Include="src\game\server\gamemodes\mod.h">
      <Filter>Header Files</Filter>
    </ClInclude>
    <ClInclude Include="src\game\server\gamemodes\tdm.h">
      <Filter>Header Files</Filter>
    </ClInclude>
    <ClInclude Include="src\game\server\gamemodes\zcatch.h">
      <Filter>Header Files</Filter>
    </ClInclude>
    <ClInclude Include="src\osxlaunch\client.h">
      <Filter>Header Files</Filter>
    </ClInclude>
    <ClInclude Include="src\game\server\gamemodes\iLMS.h">
      <Filter>Header Files</Filter>
    </ClInclude>
  </ItemGroup>
</Project>